
Microsoft Visual Studio Solution File, Format Version 12.00
# Visual Studio Version 16
VisualStudioVersion = 16.0.30002.166
MinimumVisualStudioVersion = 10.0.40219.1
Project("{FAE04EC0-301F-11D3-BF4B-00C04F79EFBC}") = "StaticConv1", "StaticConv1\StaticConv1.csproj", "{E0E66134-0450-4F56-873F-94B90A6CC1B2}"
EndProject
Global
	GlobalSection(SolutionConfigurationPlatforms) = preSolution
		Debug|Any CPU = Debug|Any CPU
		Release|Any CPU = Release|Any CPU
	EndGlobalSection
	GlobalSection(ProjectConfigurationPlatforms) = postSolution
		{E0E66134-0450-4F56-873F-94B90A6CC1B2}.Debug|Any CPU.ActiveCfg = Debug|Any CPU
		{E0E66134-0450-4F56-873F-94B90A6CC1B2}.Debug|Any CPU.Build.0 = Debug|Any CPU
		{E0E66134-0450-4F56-873F-94B90A6CC1B2}.Release|Any CPU.ActiveCfg = Release|Any CPU
		{E0E66134-0450-4F56-873F-94B90A6CC1B2}.Release|Any CPU.Build.0 = Release|Any CPU
	EndGlobalSection
	GlobalSection(SolutionProperties) = preSolution
		HideSolutionNode = FALSE
	EndGlobalSection
	GlobalSection(ExtensibilityGlobals) = postSolution
		SolutionGuid = {3D3D8726-2CDB-4471-8F19-D35FADF0DCE9}
	EndGlobalSection
EndGlobal
