
Microsoft Visual Studio Solution File, Format Version 12.00
# Visual Studio Version 16
VisualStudioVersion = 16.0.30011.22
MinimumVisualStudioVersion = 10.0.40219.1
Project("{9A19103F-16F7-4668-BE54-9A1E7A4F7556}") = "Tuples1", "Tuples1.csproj", "{736DE5D0-F975-45D2-A8C9-2CD99CC3A283}"
EndProject
Global
	GlobalSection(SolutionConfigurationPlatforms) = preSolution
		Debug|Any CPU = Debug|Any CPU
		Release|Any CPU = Release|Any CPU
	EndGlobalSection
	GlobalSection(ProjectConfigurationPlatforms) = postSolution
		{736DE5D0-F975-45D2-A8C9-2CD99CC3A283}.Debug|Any CPU.ActiveCfg = Debug|Any CPU
		{736DE5D0-F975-45D2-A8C9-2CD99CC3A283}.Debug|Any CPU.Build.0 = Debug|Any CPU
		{736DE5D0-F975-45D2-A8C9-2CD99CC3A283}.Release|Any CPU.ActiveCfg = Release|Any CPU
		{736DE5D0-F975-45D2-A8C9-2CD99CC3A283}.Release|Any CPU.Build.0 = Release|Any CPU
	EndGlobalSection
	GlobalSection(SolutionProperties) = preSolution
		HideSolutionNode = FALSE
	EndGlobalSection
	GlobalSection(ExtensibilityGlobals) = postSolution
		SolutionGuid = {AA190E32-0990-4CC6-BB75-EA3CC7439B68}
	EndGlobalSection
EndGlobal
